// !$*UTF8*$!
{
	archiveVersion = 1;
	classes = {
	};
	objectVersion = 50;
	objects = {

/* Begin PBXBuildFile section */
		108B3FFD26302223006C3DC5 /* AppDelegate.swift in Sources */ = {isa = PBXBuildFile; fileRef = 108B3FFC26302223006C3DC5 /* AppDelegate.swift */; };
		108B3FFF26302223006C3DC5 /* SceneDelegate.swift in Sources */ = {isa = PBXBuildFile; fileRef = 108B3FFE26302223006C3DC5 /* SceneDelegate.swift */; };
		108B400126302223006C3DC5 /* ToolsViewController.swift in Sources */ = {isa = PBXBuildFile; fileRef = 108B400026302223006C3DC5 /* ToolsViewController.swift */; };
		108B400726302223006C3DC5 /* Trackine.xcdatamodeld in Sources */ = {isa = PBXBuildFile; fileRef = 108B400526302223006C3DC5 /* Trackine.xcdatamodeld */; };
		108B400926302224006C3DC5 /* Assets.xcassets in Resources */ = {isa = PBXBuildFile; fileRef = 108B400826302224006C3DC5 /* Assets.xcassets */; };
		108B400C26302224006C3DC5 /* LaunchScreen.storyboard in Resources */ = {isa = PBXBuildFile; fileRef = 108B400A26302224006C3DC5 /* LaunchScreen.storyboard */; };
		108B401726302224006C3DC5 /* TrackineTests.swift in Sources */ = {isa = PBXBuildFile; fileRef = 108B401626302224006C3DC5 /* TrackineTests.swift */; };
		108B402226302224006C3DC5 /* TrackineUITests.swift in Sources */ = {isa = PBXBuildFile; fileRef = 108B402126302224006C3DC5 /* TrackineUITests.swift */; };
		108B404126302449006C3DC5 /* UIView+Constraints.swift in Sources */ = {isa = PBXBuildFile; fileRef = 108B404026302449006C3DC5 /* UIView+Constraints.swift */; };
		108B404E26302511006C3DC5 /* UIBuilder.swift in Sources */ = {isa = PBXBuildFile; fileRef = 108B404D26302511006C3DC5 /* UIBuilder.swift */; };
		108B405626302D4F006C3DC5 /* Friends.swift in Sources */ = {isa = PBXBuildFile; fileRef = 108B405526302D4F006C3DC5 /* Friends.swift */; };
		108B405B26303193006C3DC5 /* Tools.swift in Sources */ = {isa = PBXBuildFile; fileRef = 108B405A26303193006C3DC5 /* Tools.swift */; };
		108B4068263036D5006C3DC5 /* CoreDataStack.swift in Sources */ = {isa = PBXBuildFile; fileRef = 108B4067263036D5006C3DC5 /* CoreDataStack.swift */; };
		108B40702630391A006C3DC5 /* AppData.swift in Sources */ = {isa = PBXBuildFile; fileRef = 108B406F2630391A006C3DC5 /* AppData.swift */; };
		108B407526303960006C3DC5 /* Defaults.swift in Sources */ = {isa = PBXBuildFile; fileRef = 108B407426303960006C3DC5 /* Defaults.swift */; };
		108B408326304572006C3DC5 /* PrefillData.swift in Sources */ = {isa = PBXBuildFile; fileRef = 108B408226304572006C3DC5 /* PrefillData.swift */; };
		108B40A426305DE7006C3DC5 /* CoreDataHelper.swift in Sources */ = {isa = PBXBuildFile; fileRef = 108B40A326305DE7006C3DC5 /* CoreDataHelper.swift */; };
		108B40A926307E73006C3DC5 /* ToolQuery.swift in Sources */ = {isa = PBXBuildFile; fileRef = 108B40A826307E73006C3DC5 /* ToolQuery.swift */; };
		108B40B126307FD7006C3DC5 /* Loan.swift in Sources */ = {isa = PBXBuildFile; fileRef = 108B40B026307FD7006C3DC5 /* Loan.swift */; };
		10FB1AFC263160B1000A03C1 /* TabBarViewController.swift in Sources */ = {isa = PBXBuildFile; fileRef = 10FB1AFB263160B1000A03C1 /* TabBarViewController.swift */; };
		10FB1B042631610D000A03C1 /* FriendsViewController.swift in Sources */ = {isa = PBXBuildFile; fileRef = 10FB1B032631610D000A03C1 /* FriendsViewController.swift */; };
		10FB1B0C263162F8000A03C1 /* ViewController+Extension.swift in Sources */ = {isa = PBXBuildFile; fileRef = 10FB1B0B263162F8000A03C1 /* ViewController+Extension.swift */; };
		10FB1B12263164EE000A03C1 /* ToolsCell.swift in Sources */ = {isa = PBXBuildFile; fileRef = 10FB1B11263164EE000A03C1 /* ToolsCell.swift */; };
		10FB1B1A26316D90000A03C1 /* ToolsViewModel.swift in Sources */ = {isa = PBXBuildFile; fileRef = 10FB1B1926316D90000A03C1 /* ToolsViewModel.swift */; };
		10FB1B222631A7CC000A03C1 /* InteractiveModalTransitioningDelegate.swift in Sources */ = {isa = PBXBuildFile; fileRef = 10FB1B212631A7CC000A03C1 /* InteractiveModalTransitioningDelegate.swift */; };
		10FB1B272631A7FA000A03C1 /* InteractiveModalPresentationController.swift in Sources */ = {isa = PBXBuildFile; fileRef = 10FB1B262631A7FA000A03C1 /* InteractiveModalPresentationController.swift */; };
		10FB1B2D2631A98F000A03C1 /* LoanPickerView.swift in Sources */ = {isa = PBXBuildFile; fileRef = 10FB1B2C2631A98F000A03C1 /* LoanPickerView.swift */; };
		10FB1B352631CE58000A03C1 /* Intent.swift in Sources */ = {isa = PBXBuildFile; fileRef = 10FB1B342631CE58000A03C1 /* Intent.swift */; };
		10FB1B3A2631D969000A03C1 /* LoanTransaction.swift in Sources */ = {isa = PBXBuildFile; fileRef = 10FB1B392631D969000A03C1 /* LoanTransaction.swift */; };
		10FB1B432631F51E000A03C1 /* FriendsCell.swift in Sources */ = {isa = PBXBuildFile; fileRef = 10FB1B422631F51E000A03C1 /* FriendsCell.swift */; };
		10FDC7E32632891C002B8597 /* FriendsViewModel.swift in Sources */ = {isa = PBXBuildFile; fileRef = 10FDC7E22632891C002B8597 /* FriendsViewModel.swift */; };
		10FDC7E9263290CF002B8597 /* ProfileFriendViewController.swift in Sources */ = {isa = PBXBuildFile; fileRef = 10FDC7E8263290CF002B8597 /* ProfileFriendViewController.swift */; };
		10FDC7F12632ADB3002B8597 /* BorrowedToolCell.swift in Sources */ = {isa = PBXBuildFile; fileRef = 10FDC7F02632ADB3002B8597 /* BorrowedToolCell.swift */; };
		10FDC7F62632B5BE002B8597 /* ReturnToolPickerView.swift in Sources */ = {isa = PBXBuildFile; fileRef = 10FDC7F52632B5BE002B8597 /* ReturnToolPickerView.swift */; };
		10FDC7FB2632E04E002B8597 /* DefaultTests.swift in Sources */ = {isa = PBXBuildFile; fileRef = 10FDC7FA2632E04E002B8597 /* DefaultTests.swift */; };
		10FDC8032633018D002B8597 /* CoreDataTests.swift in Sources */ = {isa = PBXBuildFile; fileRef = 10FDC8022633018D002B8597 /* CoreDataTests.swift */; };
/* End PBXBuildFile section */

/* Begin PBXContainerItemProxy section */
		108B401326302224006C3DC5 /* PBXContainerItemProxy */ = {
			isa = PBXContainerItemProxy;
			containerPortal = 108B3FF126302223006C3DC5 /* Project object */;
			proxyType = 1;
			remoteGlobalIDString = 108B3FF826302223006C3DC5;
			remoteInfo = Trackine;
		};
		108B401E26302224006C3DC5 /* PBXContainerItemProxy */ = {
			isa = PBXContainerItemProxy;
			containerPortal = 108B3FF126302223006C3DC5 /* Project object */;
			proxyType = 1;
			remoteGlobalIDString = 108B3FF826302223006C3DC5;
			remoteInfo = Trackine;
		};
/* End PBXContainerItemProxy section */

/* Begin PBXFileReference section */
		108B3FF926302223006C3DC5 /* Trackine.app */ = {isa = PBXFileReference; explicitFileType = wrapper.application; includeInIndex = 0; path = Trackine.app; sourceTree = BUILT_PRODUCTS_DIR; };
		108B3FFC26302223006C3DC5 /* AppDelegate.swift */ = {isa = PBXFileReference; lastKnownFileType = sourcecode.swift; path = AppDelegate.swift; sourceTree = "<group>"; };
		108B3FFE26302223006C3DC5 /* SceneDelegate.swift */ = {isa = PBXFileReference; lastKnownFileType = sourcecode.swift; path = SceneDelegate.swift; sourceTree = "<group>"; };
		108B400026302223006C3DC5 /* ToolsViewController.swift */ = {isa = PBXFileReference; lastKnownFileType = sourcecode.swift; path = ToolsViewController.swift; sourceTree = "<group>"; };
		108B400626302223006C3DC5 /* Trackine.xcdatamodel */ = {isa = PBXFileReference; lastKnownFileType = wrapper.xcdatamodel; path = Trackine.xcdatamodel; sourceTree = "<group>"; };
		108B400826302224006C3DC5 /* Assets.xcassets */ = {isa = PBXFileReference; lastKnownFileType = folder.assetcatalog; path = Assets.xcassets; sourceTree = "<group>"; };
		108B400B26302224006C3DC5 /* Base */ = {isa = PBXFileReference; lastKnownFileType = file.storyboard; name = Base; path = Base.lproj/LaunchScreen.storyboard; sourceTree = "<group>"; };
		108B400D26302224006C3DC5 /* Info.plist */ = {isa = PBXFileReference; lastKnownFileType = text.plist.xml; path = Info.plist; sourceTree = "<group>"; };
		108B401226302224006C3DC5 /* TrackineTests.xctest */ = {isa = PBXFileReference; explicitFileType = wrapper.cfbundle; includeInIndex = 0; path = TrackineTests.xctest; sourceTree = BUILT_PRODUCTS_DIR; };
		108B401626302224006C3DC5 /* TrackineTests.swift */ = {isa = PBXFileReference; lastKnownFileType = sourcecode.swift; path = TrackineTests.swift; sourceTree = "<group>"; };
		108B401826302224006C3DC5 /* Info.plist */ = {isa = PBXFileReference; lastKnownFileType = text.plist.xml; path = Info.plist; sourceTree = "<group>"; };
		108B401D26302224006C3DC5 /* TrackineUITests.xctest */ = {isa = PBXFileReference; explicitFileType = wrapper.cfbundle; includeInIndex = 0; path = TrackineUITests.xctest; sourceTree = BUILT_PRODUCTS_DIR; };
		108B402126302224006C3DC5 /* TrackineUITests.swift */ = {isa = PBXFileReference; lastKnownFileType = sourcecode.swift; path = TrackineUITests.swift; sourceTree = "<group>"; };
		108B402326302224006C3DC5 /* Info.plist */ = {isa = PBXFileReference; lastKnownFileType = text.plist.xml; path = Info.plist; sourceTree = "<group>"; };
		108B404026302449006C3DC5 /* UIView+Constraints.swift */ = {isa = PBXFileReference; lastKnownFileType = sourcecode.swift; path = "UIView+Constraints.swift"; sourceTree = "<group>"; };
		108B404D26302511006C3DC5 /* UIBuilder.swift */ = {isa = PBXFileReference; lastKnownFileType = sourcecode.swift; path = UIBuilder.swift; sourceTree = "<group>"; };
		108B405526302D4F006C3DC5 /* Friends.swift */ = {isa = PBXFileReference; lastKnownFileType = sourcecode.swift; path = Friends.swift; sourceTree = "<group>"; };
		108B405A26303193006C3DC5 /* Tools.swift */ = {isa = PBXFileReference; lastKnownFileType = sourcecode.swift; path = Tools.swift; sourceTree = "<group>"; };
		108B4067263036D5006C3DC5 /* CoreDataStack.swift */ = {isa = PBXFileReference; lastKnownFileType = sourcecode.swift; path = CoreDataStack.swift; sourceTree = "<group>"; };
		108B406F2630391A006C3DC5 /* AppData.swift */ = {isa = PBXFileReference; lastKnownFileType = sourcecode.swift; path = AppData.swift; sourceTree = "<group>"; };
		108B407426303960006C3DC5 /* Defaults.swift */ = {isa = PBXFileReference; lastKnownFileType = sourcecode.swift; path = Defaults.swift; sourceTree = "<group>"; };
		108B408226304572006C3DC5 /* PrefillData.swift */ = {isa = PBXFileReference; lastKnownFileType = sourcecode.swift; path = PrefillData.swift; sourceTree = "<group>"; };
		108B40A326305DE7006C3DC5 /* CoreDataHelper.swift */ = {isa = PBXFileReference; lastKnownFileType = sourcecode.swift; path = CoreDataHelper.swift; sourceTree = "<group>"; };
		108B40A826307E73006C3DC5 /* ToolQuery.swift */ = {isa = PBXFileReference; lastKnownFileType = sourcecode.swift; path = ToolQuery.swift; sourceTree = "<group>"; };
		108B40B026307FD7006C3DC5 /* Loan.swift */ = {isa = PBXFileReference; lastKnownFileType = sourcecode.swift; path = Loan.swift; sourceTree = "<group>"; };
		10FB1AFB263160B1000A03C1 /* TabBarViewController.swift */ = {isa = PBXFileReference; lastKnownFileType = sourcecode.swift; path = TabBarViewController.swift; sourceTree = "<group>"; };
		10FB1B032631610D000A03C1 /* FriendsViewController.swift */ = {isa = PBXFileReference; lastKnownFileType = sourcecode.swift; path = FriendsViewController.swift; sourceTree = "<group>"; };
		10FB1B0B263162F8000A03C1 /* ViewController+Extension.swift */ = {isa = PBXFileReference; lastKnownFileType = sourcecode.swift; path = "ViewController+Extension.swift"; sourceTree = "<group>"; };
		10FB1B11263164EE000A03C1 /* ToolsCell.swift */ = {isa = PBXFileReference; lastKnownFileType = sourcecode.swift; path = ToolsCell.swift; sourceTree = "<group>"; };
		10FB1B1926316D90000A03C1 /* ToolsViewModel.swift */ = {isa = PBXFileReference; lastKnownFileType = sourcecode.swift; path = ToolsViewModel.swift; sourceTree = "<group>"; };
		10FB1B212631A7CC000A03C1 /* InteractiveModalTransitioningDelegate.swift */ = {isa = PBXFileReference; lastKnownFileType = sourcecode.swift; path = InteractiveModalTransitioningDelegate.swift; sourceTree = "<group>"; };
		10FB1B262631A7FA000A03C1 /* InteractiveModalPresentationController.swift */ = {isa = PBXFileReference; lastKnownFileType = sourcecode.swift; path = InteractiveModalPresentationController.swift; sourceTree = "<group>"; };
		10FB1B2C2631A98F000A03C1 /* LoanPickerView.swift */ = {isa = PBXFileReference; lastKnownFileType = sourcecode.swift; path = LoanPickerView.swift; sourceTree = "<group>"; };
		10FB1B342631CE58000A03C1 /* Intent.swift */ = {isa = PBXFileReference; lastKnownFileType = sourcecode.swift; path = Intent.swift; sourceTree = "<group>"; };
		10FB1B392631D969000A03C1 /* LoanTransaction.swift */ = {isa = PBXFileReference; lastKnownFileType = sourcecode.swift; path = LoanTransaction.swift; sourceTree = "<group>"; };
		10FB1B422631F51E000A03C1 /* FriendsCell.swift */ = {isa = PBXFileReference; lastKnownFileType = sourcecode.swift; path = FriendsCell.swift; sourceTree = "<group>"; };
		10FDC7E22632891C002B8597 /* FriendsViewModel.swift */ = {isa = PBXFileReference; lastKnownFileType = sourcecode.swift; path = FriendsViewModel.swift; sourceTree = "<group>"; };
		10FDC7E8263290CF002B8597 /* ProfileFriendViewController.swift */ = {isa = PBXFileReference; lastKnownFileType = sourcecode.swift; path = ProfileFriendViewController.swift; sourceTree = "<group>"; };
		10FDC7F02632ADB3002B8597 /* BorrowedToolCell.swift */ = {isa = PBXFileReference; lastKnownFileType = sourcecode.swift; path = BorrowedToolCell.swift; sourceTree = "<group>"; };
		10FDC7F52632B5BE002B8597 /* ReturnToolPickerView.swift */ = {isa = PBXFileReference; lastKnownFileType = sourcecode.swift; path = ReturnToolPickerView.swift; sourceTree = "<group>"; };
		10FDC7FA2632E04E002B8597 /* DefaultTests.swift */ = {isa = PBXFileReference; lastKnownFileType = sourcecode.swift; path = DefaultTests.swift; sourceTree = "<group>"; };
		10FDC8022633018D002B8597 /* CoreDataTests.swift */ = {isa = PBXFileReference; lastKnownFileType = sourcecode.swift; path = CoreDataTests.swift; sourceTree = "<group>"; };
/* End PBXFileReference section */

/* Begin PBXFrameworksBuildPhase section */
		108B3FF626302223006C3DC5 /* Frameworks */ = {
			isa = PBXFrameworksBuildPhase;
			buildActionMask = 2147483647;
			files = (
			);
			runOnlyForDeploymentPostprocessing = 0;
		};
		108B400F26302224006C3DC5 /* Frameworks */ = {
			isa = PBXFrameworksBuildPhase;
			buildActionMask = 2147483647;
			files = (
			);
			runOnlyForDeploymentPostprocessing = 0;
		};
		108B401A26302224006C3DC5 /* Frameworks */ = {
			isa = PBXFrameworksBuildPhase;
			buildActionMask = 2147483647;
			files = (
			);
			runOnlyForDeploymentPostprocessing = 0;
		};
/* End PBXFrameworksBuildPhase section */

/* Begin PBXGroup section */
		108B3FF026302223006C3DC5 = {
			isa = PBXGroup;
			children = (
				108B3FFB26302223006C3DC5 /* Trackine */,
				108B401526302224006C3DC5 /* TrackineTests */,
				108B402026302224006C3DC5 /* TrackineUITests */,
				108B3FFA26302223006C3DC5 /* Products */,
			);
			sourceTree = "<group>";
		};
		108B3FFA26302223006C3DC5 /* Products */ = {
			isa = PBXGroup;
			children = (
				108B3FF926302223006C3DC5 /* Trackine.app */,
				108B401226302224006C3DC5 /* TrackineTests.xctest */,
				108B401D26302224006C3DC5 /* TrackineUITests.xctest */,
			);
			name = Products;
			sourceTree = "<group>";
		};
		108B3FFB26302223006C3DC5 /* Trackine */ = {
			isa = PBXGroup;
			children = (
				108B4066263036C8006C3DC5 /* Services */,
				108B4065263036B1006C3DC5 /* Utility */,
				108B40452630248D006C3DC5 /* Model */,
				108B404626302493006C3DC5 /* View */,
				108B404726302497006C3DC5 /* ViewModel */,
				108B4048263024B6006C3DC5 /* Controller */,
				108B403226302260006C3DC5 /* Application */,
				108B404C263024E2006C3DC5 /* Protocols */,
				108B403F26302423006C3DC5 /* Extensions */,
				108B400826302224006C3DC5 /* Assets.xcassets */,
				108B400A26302224006C3DC5 /* LaunchScreen.storyboard */,
				108B400D26302224006C3DC5 /* Info.plist */,
				108B400526302223006C3DC5 /* Trackine.xcdatamodeld */,
			);
			path = Trackine;
			sourceTree = "<group>";
		};
		108B401526302224006C3DC5 /* TrackineTests */ = {
			isa = PBXGroup;
			children = (
				108B401626302224006C3DC5 /* TrackineTests.swift */,
				10FDC7FA2632E04E002B8597 /* DefaultTests.swift */,
				10FDC8022633018D002B8597 /* CoreDataTests.swift */,
				108B401826302224006C3DC5 /* Info.plist */,
			);
			path = TrackineTests;
			sourceTree = "<group>";
		};
		108B402026302224006C3DC5 /* TrackineUITests */ = {
			isa = PBXGroup;
			children = (
				108B402126302224006C3DC5 /* TrackineUITests.swift */,
				108B402326302224006C3DC5 /* Info.plist */,
			);
			path = TrackineUITests;
			sourceTree = "<group>";
		};
		108B403226302260006C3DC5 /* Application */ = {
			isa = PBXGroup;
			children = (
				108B3FFC26302223006C3DC5 /* AppDelegate.swift */,
				108B3FFE26302223006C3DC5 /* SceneDelegate.swift */,
			);
			path = Application;
			sourceTree = "<group>";
		};
		108B403F26302423006C3DC5 /* Extensions */ = {
			isa = PBXGroup;
			children = (
				108B404026302449006C3DC5 /* UIView+Constraints.swift */,
				10FB1B0B263162F8000A03C1 /* ViewController+Extension.swift */,
			);
			path = Extensions;
			sourceTree = "<group>";
		};
		108B40452630248D006C3DC5 /* Model */ = {
			isa = PBXGroup;
			children = (
				10FB1B3E2631F366000A03C1 /* PreloadModel */,
				108B406F2630391A006C3DC5 /* AppData.swift */,
				108B40A826307E73006C3DC5 /* ToolQuery.swift */,
				108B40B026307FD7006C3DC5 /* Loan.swift */,
				10FB1B342631CE58000A03C1 /* Intent.swift */,
			);
			path = Model;
			sourceTree = "<group>";
		};
		108B404626302493006C3DC5 /* View */ = {
			isa = PBXGroup;
			children = (
				10FB1B2B2631A972000A03C1 /* UIComponent */,
				10FB1B10263164CB000A03C1 /* Cell */,
			);
			path = View;
			sourceTree = "<group>";
		};
		108B404726302497006C3DC5 /* ViewModel */ = {
			isa = PBXGroup;
			children = (
				10FB1B1926316D90000A03C1 /* ToolsViewModel.swift */,
				10FDC7E22632891C002B8597 /* FriendsViewModel.swift */,
			);
			path = ViewModel;
			sourceTree = "<group>";
		};
		108B4048263024B6006C3DC5 /* Controller */ = {
			isa = PBXGroup;
			children = (
				108B400026302223006C3DC5 /* ToolsViewController.swift */,
				10FB1B032631610D000A03C1 /* FriendsViewController.swift */,
				10FDC7E8263290CF002B8597 /* ProfileFriendViewController.swift */,
				10FB1AFB263160B1000A03C1 /* TabBarViewController.swift */,
			);
			path = Controller;
			sourceTree = "<group>";
		};
		108B404C263024E2006C3DC5 /* Protocols */ = {
			isa = PBXGroup;
			children = (
				108B404D26302511006C3DC5 /* UIBuilder.swift */,
				10FB1B392631D969000A03C1 /* LoanTransaction.swift */,
			);
			path = Protocols;
			sourceTree = "<group>";
		};
		108B4065263036B1006C3DC5 /* Utility */ = {
			isa = PBXGroup;
			children = (
				108B4067263036D5006C3DC5 /* CoreDataStack.swift */,
				108B407426303960006C3DC5 /* Defaults.swift */,
				10FB1B212631A7CC000A03C1 /* InteractiveModalTransitioningDelegate.swift */,
				10FB1B262631A7FA000A03C1 /* InteractiveModalPresentationController.swift */,
			);
			path = Utility;
			sourceTree = "<group>";
		};
		108B4066263036C8006C3DC5 /* Services */ = {
			isa = PBXGroup;
			children = (
				108B407926304535006C3DC5 /* CoreData */,
			);
			path = Services;
			sourceTree = "<group>";
		};
		108B407926304535006C3DC5 /* CoreData */ = {
			isa = PBXGroup;
			children = (
				108B408226304572006C3DC5 /* PrefillData.swift */,
				108B40A326305DE7006C3DC5 /* CoreDataHelper.swift */,
			);
			path = CoreData;
			sourceTree = "<group>";
		};
		10FB1B10263164CB000A03C1 /* Cell */ = {
			isa = PBXGroup;
			children = (
				10FB1B11263164EE000A03C1 /* ToolsCell.swift */,
				10FB1B422631F51E000A03C1 /* FriendsCell.swift */,
				10FDC7F02632ADB3002B8597 /* BorrowedToolCell.swift */,
			);
			path = Cell;
			sourceTree = "<group>";
		};
		10FB1B2B2631A972000A03C1 /* UIComponent */ = {
			isa = PBXGroup;
			children = (
				10FB1B2C2631A98F000A03C1 /* LoanPickerView.swift */,
				10FDC7F52632B5BE002B8597 /* ReturnToolPickerView.swift */,
			);
			path = UIComponent;
			sourceTree = "<group>";
		};
		10FB1B3E2631F366000A03C1 /* PreloadModel */ = {
			isa = PBXGroup;
			children = (
				108B405526302D4F006C3DC5 /* Friends.swift */,
				108B405A26303193006C3DC5 /* Tools.swift */,
			);
			path = PreloadModel;
			sourceTree = "<group>";
		};
/* End PBXGroup section */

/* Begin PBXNativeTarget section */
		108B3FF826302223006C3DC5 /* Trackine */ = {
			isa = PBXNativeTarget;
			buildConfigurationList = 108B402626302224006C3DC5 /* Build configuration list for PBXNativeTarget "Trackine" */;
			buildPhases = (
				108B3FF526302223006C3DC5 /* Sources */,
				108B3FF626302223006C3DC5 /* Frameworks */,
				108B3FF726302223006C3DC5 /* Resources */,
			);
			buildRules = (
			);
			dependencies = (
			);
			name = Trackine;
			productName = Trackine;
			productReference = 108B3FF926302223006C3DC5 /* Trackine.app */;
			productType = "com.apple.product-type.application";
		};
		108B401126302224006C3DC5 /* TrackineTests */ = {
			isa = PBXNativeTarget;
			buildConfigurationList = 108B402926302224006C3DC5 /* Build configuration list for PBXNativeTarget "TrackineTests" */;
			buildPhases = (
				108B400E26302224006C3DC5 /* Sources */,
				108B400F26302224006C3DC5 /* Frameworks */,
				108B401026302224006C3DC5 /* Resources */,
			);
			buildRules = (
			);
			dependencies = (
				108B401426302224006C3DC5 /* PBXTargetDependency */,
			);
			name = TrackineTests;
			productName = TrackineTests;
			productReference = 108B401226302224006C3DC5 /* TrackineTests.xctest */;
			productType = "com.apple.product-type.bundle.unit-test";
		};
		108B401C26302224006C3DC5 /* TrackineUITests */ = {
			isa = PBXNativeTarget;
			buildConfigurationList = 108B402C26302224006C3DC5 /* Build configuration list for PBXNativeTarget "TrackineUITests" */;
			buildPhases = (
				108B401926302224006C3DC5 /* Sources */,
				108B401A26302224006C3DC5 /* Frameworks */,
				108B401B26302224006C3DC5 /* Resources */,
			);
			buildRules = (
			);
			dependencies = (
				108B401F26302224006C3DC5 /* PBXTargetDependency */,
			);
			name = TrackineUITests;
			productName = TrackineUITests;
			productReference = 108B401D26302224006C3DC5 /* TrackineUITests.xctest */;
			productType = "com.apple.product-type.bundle.ui-testing";
		};
/* End PBXNativeTarget section */

/* Begin PBXProject section */
		108B3FF126302223006C3DC5 /* Project object */ = {
			isa = PBXProject;
			attributes = {
				LastSwiftUpdateCheck = 1240;
				LastUpgradeCheck = 1240;
				TargetAttributes = {
					108B3FF826302223006C3DC5 = {
						CreatedOnToolsVersion = 12.4;
					};
					108B401126302224006C3DC5 = {
						CreatedOnToolsVersion = 12.4;
						TestTargetID = 108B3FF826302223006C3DC5;
					};
					108B401C26302224006C3DC5 = {
						CreatedOnToolsVersion = 12.4;
						TestTargetID = 108B3FF826302223006C3DC5;
					};
				};
			};
			buildConfigurationList = 108B3FF426302223006C3DC5 /* Build configuration list for PBXProject "Trackine" */;
			compatibilityVersion = "Xcode 9.3";
			developmentRegion = en;
			hasScannedForEncodings = 0;
			knownRegions = (
				en,
				Base,
			);
			mainGroup = 108B3FF026302223006C3DC5;
			productRefGroup = 108B3FFA26302223006C3DC5 /* Products */;
			projectDirPath = "";
			projectRoot = "";
			targets = (
				108B3FF826302223006C3DC5 /* Trackine */,
				108B401126302224006C3DC5 /* TrackineTests */,
				108B401C26302224006C3DC5 /* TrackineUITests */,
			);
		};
/* End PBXProject section */

/* Begin PBXResourcesBuildPhase section */
		108B3FF726302223006C3DC5 /* Resources */ = {
			isa = PBXResourcesBuildPhase;
			buildActionMask = 2147483647;
			files = (
				108B400C26302224006C3DC5 /* LaunchScreen.storyboard in Resources */,
				108B400926302224006C3DC5 /* Assets.xcassets in Resources */,
			);
			runOnlyForDeploymentPostprocessing = 0;
		};
		108B401026302224006C3DC5 /* Resources */ = {
			isa = PBXResourcesBuildPhase;
			buildActionMask = 2147483647;
			files = (
			);
			runOnlyForDeploymentPostprocessing = 0;
		};
		108B401B26302224006C3DC5 /* Resources */ = {
			isa = PBXResourcesBuildPhase;
			buildActionMask = 2147483647;
			files = (
			);
			runOnlyForDeploymentPostprocessing = 0;
		};
/* End PBXResourcesBuildPhase section */

/* Begin PBXSourcesBuildPhase section */
		108B3FF526302223006C3DC5 /* Sources */ = {
			isa = PBXSourcesBuildPhase;
			buildActionMask = 2147483647;
			files = (
				10FB1AFC263160B1000A03C1 /* TabBarViewController.swift in Sources */,
				108B400126302223006C3DC5 /* ToolsViewController.swift in Sources */,
				10FB1B272631A7FA000A03C1 /* InteractiveModalPresentationController.swift in Sources */,
				108B40B126307FD7006C3DC5 /* Loan.swift in Sources */,
				108B3FFD26302223006C3DC5 /* AppDelegate.swift in Sources */,
				10FB1B2D2631A98F000A03C1 /* LoanPickerView.swift in Sources */,
				10FB1B042631610D000A03C1 /* FriendsViewController.swift in Sources */,
				108B404126302449006C3DC5 /* UIView+Constraints.swift in Sources */,
				108B40A926307E73006C3DC5 /* ToolQuery.swift in Sources */,
				108B4068263036D5006C3DC5 /* CoreDataStack.swift in Sources */,
				10FB1B1A26316D90000A03C1 /* ToolsViewModel.swift in Sources */,
				108B400726302223006C3DC5 /* Trackine.xcdatamodeld in Sources */,
				108B405B26303193006C3DC5 /* Tools.swift in Sources */,
				108B405626302D4F006C3DC5 /* Friends.swift in Sources */,
				108B408326304572006C3DC5 /* PrefillData.swift in Sources */,
				108B40A426305DE7006C3DC5 /* CoreDataHelper.swift in Sources */,
				10FB1B12263164EE000A03C1 /* ToolsCell.swift in Sources */,
				10FB1B352631CE58000A03C1 /* Intent.swift in Sources */,
				10FB1B3A2631D969000A03C1 /* LoanTransaction.swift in Sources */,
				108B3FFF26302223006C3DC5 /* SceneDelegate.swift in Sources */,
				10FDC7E9263290CF002B8597 /* ProfileFriendViewController.swift in Sources */,
				10FB1B0C263162F8000A03C1 /* ViewController+Extension.swift in Sources */,
				10FDC7F62632B5BE002B8597 /* ReturnToolPickerView.swift in Sources */,
				10FB1B432631F51E000A03C1 /* FriendsCell.swift in Sources */,
				108B404E26302511006C3DC5 /* UIBuilder.swift in Sources */,
				10FB1B222631A7CC000A03C1 /* InteractiveModalTransitioningDelegate.swift in Sources */,
				108B40702630391A006C3DC5 /* AppData.swift in Sources */,
				108B407526303960006C3DC5 /* Defaults.swift in Sources */,
				10FDC7F12632ADB3002B8597 /* BorrowedToolCell.swift in Sources */,
				10FDC7E32632891C002B8597 /* FriendsViewModel.swift in Sources */,
			);
			runOnlyForDeploymentPostprocessing = 0;
		};
		108B400E26302224006C3DC5 /* Sources */ = {
			isa = PBXSourcesBuildPhase;
			buildActionMask = 2147483647;
			files = (
				108B401726302224006C3DC5 /* TrackineTests.swift in Sources */,
				10FDC7FB2632E04E002B8597 /* DefaultTests.swift in Sources */,
				10FDC8032633018D002B8597 /* CoreDataTests.swift in Sources */,
			);
			runOnlyForDeploymentPostprocessing = 0;
		};
		108B401926302224006C3DC5 /* Sources */ = {
			isa = PBXSourcesBuildPhase;
			buildActionMask = 2147483647;
			files = (
				108B402226302224006C3DC5 /* TrackineUITests.swift in Sources */,
			);
			runOnlyForDeploymentPostprocessing = 0;
		};
/* End PBXSourcesBuildPhase section */

/* Begin PBXTargetDependency section */
		108B401426302224006C3DC5 /* PBXTargetDependency */ = {
			isa = PBXTargetDependency;
			target = 108B3FF826302223006C3DC5 /* Trackine */;
			targetProxy = 108B401326302224006C3DC5 /* PBXContainerItemProxy */;
		};
		108B401F26302224006C3DC5 /* PBXTargetDependency */ = {
			isa = PBXTargetDependency;
			target = 108B3FF826302223006C3DC5 /* Trackine */;
			targetProxy = 108B401E26302224006C3DC5 /* PBXContainerItemProxy */;
		};
/* End PBXTargetDependency section */

/* Begin PBXVariantGroup section */
		108B400A26302224006C3DC5 /* LaunchScreen.storyboard */ = {
			isa = PBXVariantGroup;
			children = (
				108B400B26302224006C3DC5 /* Base */,
			);
			name = LaunchScreen.storyboard;
			sourceTree = "<group>";
		};
/* End PBXVariantGroup section */

/* Begin XCBuildConfiguration section */
		108B402426302224006C3DC5 /* Debug */ = {
			isa = XCBuildConfiguration;
			buildSettings = {
				ALWAYS_SEARCH_USER_PATHS = NO;
				CLANG_ANALYZER_NONNULL = YES;
				CLANG_ANALYZER_NUMBER_OBJECT_CONVERSION = YES_AGGRESSIVE;
				CLANG_CXX_LANGUAGE_STANDARD = "gnu++14";
				CLANG_CXX_LIBRARY = "libc++";
				CLANG_ENABLE_MODULES = YES;
				CLANG_ENABLE_OBJC_ARC = YES;
				CLANG_ENABLE_OBJC_WEAK = YES;
				CLANG_WARN_BLOCK_CAPTURE_AUTORELEASING = YES;
				CLANG_WARN_BOOL_CONVERSION = YES;
				CLANG_WARN_COMMA = YES;
				CLANG_WARN_CONSTANT_CONVERSION = YES;
				CLANG_WARN_DEPRECATED_OBJC_IMPLEMENTATIONS = YES;
				CLANG_WARN_DIRECT_OBJC_ISA_USAGE = YES_ERROR;
				CLANG_WARN_DOCUMENTATION_COMMENTS = YES;
				CLANG_WARN_EMPTY_BODY = YES;
				CLANG_WARN_ENUM_CONVERSION = YES;
				CLANG_WARN_INFINITE_RECURSION = YES;
				CLANG_WARN_INT_CONVERSION = YES;
				CLANG_WARN_NON_LITERAL_NULL_CONVERSION = YES;
				CLANG_WARN_OBJC_IMPLICIT_RETAIN_SELF = YES;
				CLANG_WARN_OBJC_LITERAL_CONVERSION = YES;
				CLANG_WARN_OBJC_ROOT_CLASS = YES_ERROR;
				CLANG_WARN_QUOTED_INCLUDE_IN_FRAMEWORK_HEADER = YES;
				CLANG_WARN_RANGE_LOOP_ANALYSIS = YES;
				CLANG_WARN_STRICT_PROTOTYPES = YES;
				CLANG_WARN_SUSPICIOUS_MOVE = YES;
				CLANG_WARN_UNGUARDED_AVAILABILITY = YES_AGGRESSIVE;
				CLANG_WARN_UNREACHABLE_CODE = YES;
				CLANG_WARN__DUPLICATE_METHOD_MATCH = YES;
				COPY_PHASE_STRIP = NO;
				DEBUG_INFORMATION_FORMAT = dwarf;
				ENABLE_STRICT_OBJC_MSGSEND = YES;
				ENABLE_TESTABILITY = YES;
				GCC_C_LANGUAGE_STANDARD = gnu11;
				GCC_DYNAMIC_NO_PIC = NO;
				GCC_NO_COMMON_BLOCKS = YES;
				GCC_OPTIMIZATION_LEVEL = 0;
				GCC_PREPROCESSOR_DEFINITIONS = (
					"DEBUG=1",
					"$(inherited)",
				);
				GCC_WARN_64_TO_32_BIT_CONVERSION = YES;
				GCC_WARN_ABOUT_RETURN_TYPE = YES_ERROR;
				GCC_WARN_UNDECLARED_SELECTOR = YES;
				GCC_WARN_UNINITIALIZED_AUTOS = YES_AGGRESSIVE;
				GCC_WARN_UNUSED_FUNCTION = YES;
				GCC_WARN_UNUSED_VARIABLE = YES;
				IPHONEOS_DEPLOYMENT_TARGET = 14.4;
				MTL_ENABLE_DEBUG_INFO = INCLUDE_SOURCE;
				MTL_FAST_MATH = YES;
				ONLY_ACTIVE_ARCH = YES;
				SDKROOT = iphoneos;
				SWIFT_ACTIVE_COMPILATION_CONDITIONS = DEBUG;
				SWIFT_OPTIMIZATION_LEVEL = "-Onone";
			};
			name = Debug;
		};
		108B402526302224006C3DC5 /* Release */ = {
			isa = XCBuildConfiguration;
			buildSettings = {
				ALWAYS_SEARCH_USER_PATHS = NO;
				CLANG_ANALYZER_NONNULL = YES;
				CLANG_ANALYZER_NUMBER_OBJECT_CONVERSION = YES_AGGRESSIVE;
				CLANG_CXX_LANGUAGE_STANDARD = "gnu++14";
				CLANG_CXX_LIBRARY = "libc++";
				CLANG_ENABLE_MODULES = YES;
				CLANG_ENABLE_OBJC_ARC = YES;
				CLANG_ENABLE_OBJC_WEAK = YES;
				CLANG_WARN_BLOCK_CAPTURE_AUTORELEASING = YES;
				CLANG_WARN_BOOL_CONVERSION = YES;
				CLANG_WARN_COMMA = YES;
				CLANG_WARN_CONSTANT_CONVERSION = YES;
				CLANG_WARN_DEPRECATED_OBJC_IMPLEMENTATIONS = YES;
				CLANG_WARN_DIRECT_OBJC_ISA_USAGE = YES_ERROR;
				CLANG_WARN_DOCUMENTATION_COMMENTS = YES;
				CLANG_WARN_EMPTY_BODY = YES;
				CLANG_WARN_ENUM_CONVERSION = YES;
				CLANG_WARN_INFINITE_RECURSION = YES;
				CLANG_WARN_INT_CONVERSION = YES;
				CLANG_WARN_NON_LITERAL_NULL_CONVERSION = YES;
				CLANG_WARN_OBJC_IMPLICIT_RETAIN_SELF = YES;
				CLANG_WARN_OBJC_LITERAL_CONVERSION = YES;
				CLANG_WARN_OBJC_ROOT_CLASS = YES_ERROR;
				CLANG_WARN_QUOTED_INCLUDE_IN_FRAMEWORK_HEADER = YES;
				CLANG_WARN_RANGE_LOOP_ANALYSIS = YES;
				CLANG_WARN_STRICT_PROTOTYPES = YES;
				CLANG_WARN_SUSPICIOUS_MOVE = YES;
				CLANG_WARN_UNGUARDED_AVAILABILITY = YES_AGGRESSIVE;
				CLANG_WARN_UNREACHABLE_CODE = YES;
				CLANG_WARN__DUPLICATE_METHOD_MATCH = YES;
				COPY_PHASE_STRIP = NO;
				DEBUG_INFORMATION_FORMAT = "dwarf-with-dsym";
				ENABLE_NS_ASSERTIONS = NO;
				ENABLE_STRICT_OBJC_MSGSEND = YES;
				GCC_C_LANGUAGE_STANDARD = gnu11;
				GCC_NO_COMMON_BLOCKS = YES;
				GCC_WARN_64_TO_32_BIT_CONVERSION = YES;
				GCC_WARN_ABOUT_RETURN_TYPE = YES_ERROR;
				GCC_WARN_UNDECLARED_SELECTOR = YES;
				GCC_WARN_UNINITIALIZED_AUTOS = YES_AGGRESSIVE;
				GCC_WARN_UNUSED_FUNCTION = YES;
				GCC_WARN_UNUSED_VARIABLE = YES;
				IPHONEOS_DEPLOYMENT_TARGET = 14.4;
				MTL_ENABLE_DEBUG_INFO = NO;
				MTL_FAST_MATH = YES;
				SDKROOT = iphoneos;
				SWIFT_COMPILATION_MODE = wholemodule;
				SWIFT_OPTIMIZATION_LEVEL = "-O";
				VALIDATE_PRODUCT = YES;
			};
			name = Release;
		};
		108B402726302224006C3DC5 /* Debug */ = {
			isa = XCBuildConfiguration;
			buildSettings = {
				ASSETCATALOG_COMPILER_APPICON_NAME = AppIcon;
				ASSETCATALOG_COMPILER_GLOBAL_ACCENT_COLOR_NAME = AccentColor;
				CODE_SIGN_STYLE = Automatic;
				DEVELOPMENT_TEAM = 5W5HYDSXPX;
				INFOPLIST_FILE = Trackine/Info.plist;
				IPHONEOS_DEPLOYMENT_TARGET = 13.0;
				LD_RUNPATH_SEARCH_PATHS = (
					"$(inherited)",
					"@executable_path/Frameworks",
				);
				PRODUCT_BUNDLE_IDENTIFIER = com.Dayton.Trackine;
				PRODUCT_NAME = "$(TARGET_NAME)";
				SWIFT_VERSION = 5.0;
				TARGETED_DEVICE_FAMILY = 1;
			};
			name = Debug;
		};
		108B402826302224006C3DC5 /* Release */ = {
			isa = XCBuildConfiguration;
			buildSettings = {
				ASSETCATALOG_COMPILER_APPICON_NAME = AppIcon;
				ASSETCATALOG_COMPILER_GLOBAL_ACCENT_COLOR_NAME = AccentColor;
				CODE_SIGN_STYLE = Automatic;
				DEVELOPMENT_TEAM = 5W5HYDSXPX;
				INFOPLIST_FILE = Trackine/Info.plist;
				IPHONEOS_DEPLOYMENT_TARGET = 13.0;
				LD_RUNPATH_SEARCH_PATHS = (
					"$(inherited)",
					"@executable_path/Frameworks",
				);
				PRODUCT_BUNDLE_IDENTIFIER = com.Dayton.Trackine;
				PRODUCT_NAME = "$(TARGET_NAME)";
				SWIFT_VERSION = 5.0;
				TARGETED_DEVICE_FAMILY = 1;
			};
			name = Release;
		};
		108B402A26302224006C3DC5 /* Debug */ = {
			isa = XCBuildConfiguration;
			buildSettings = {
				ALWAYS_EMBED_SWIFT_STANDARD_LIBRARIES = YES;
				BUNDLE_LOADER = "$(TEST_HOST)";
				CODE_SIGN_STYLE = Automatic;
				DEVELOPMENT_TEAM = 5W5HYDSXPX;
				INFOPLIST_FILE = TrackineTests/Info.plist;
				IPHONEOS_DEPLOYMENT_TARGET = 14.4;
				LD_RUNPATH_SEARCH_PATHS = (
					"$(inherited)",
					"@executable_path/Frameworks",
					"@loader_path/Frameworks",
				);
				PRODUCT_BUNDLE_IDENTIFIER = com.Dayton.TrackineTests;
				PRODUCT_NAME = "$(TARGET_NAME)";
				SWIFT_VERSION = 5.0;
				TARGETED_DEVICE_FAMILY = "1,2";
				TEST_HOST = "$(BUILT_PRODUCTS_DIR)/Trackine.app/Trackine";
			};
			name = Debug;
		};
		108B402B26302224006C3DC5 /* Release */ = {
			isa = XCBuildConfiguration;
			buildSettings = {
				ALWAYS_EMBED_SWIFT_STANDARD_LIBRARIES = YES;
				BUNDLE_LOADER = "$(TEST_HOST)";
				CODE_SIGN_STYLE = Automatic;
				DEVELOPMENT_TEAM = 5W5HYDSXPX;
				INFOPLIST_FILE = TrackineTests/Info.plist;
				IPHONEOS_DEPLOYMENT_TARGET = 14.4;
				LD_RUNPATH_SEARCH_PATHS = (
					"$(inherited)",
					"@executable_path/Frameworks",
					"@loader_path/Frameworks",
				);
				PRODUCT_BUNDLE_IDENTIFIER = com.Dayton.TrackineTests;
				PRODUCT_NAME = "$(TARGET_NAME)";
				SWIFT_VERSION = 5.0;
				TARGETED_DEVICE_FAMILY = "1,2";
				TEST_HOST = "$(BUILT_PRODUCTS_DIR)/Trackine.app/Trackine";
			};
			name = Release;
		};
		108B402D26302224006C3DC5 /* Debug */ = {
			isa = XCBuildConfiguration;
			buildSettings = {
				ALWAYS_EMBED_SWIFT_STANDARD_LIBRARIES = YES;
				CODE_SIGN_STYLE = Automatic;
				DEVELOPMENT_TEAM = 5W5HYDSXPX;
				INFOPLIST_FILE = TrackineUITests/Info.plist;
				LD_RUNPATH_SEARCH_PATHS = (
					"$(inherited)",
					"@executable_path/Frameworks",
					"@loader_path/Frameworks",
				);
				PRODUCT_BUNDLE_IDENTIFIER = com.Dayton.TrackineUITests;
				PRODUCT_NAME = "$(TARGET_NAME)";
				SWIFT_VERSION = 5.0;
				TARGETED_DEVICE_FAMILY = "1,2";
				TEST_TARGET_NAME = Trackine;
			};
			name = Debug;
		};
		108B402E26302224006C3DC5 /* Release */ = {
			isa = XCBuildConfiguration;
			buildSettings = {
				ALWAYS_EMBED_SWIFT_STANDARD_LIBRARIES = YES;
				CODE_SIGN_STYLE = Automatic;
				DEVELOPMENT_TEAM = 5W5HYDSXPX;
				INFOPLIST_FILE = TrackineUITests/Info.plist;
				LD_RUNPATH_SEARCH_PATHS = (
					"$(inherited)",
					"@executable_path/Frameworks",
					"@loader_path/Frameworks",
				);
				PRODUCT_BUNDLE_IDENTIFIER = com.Dayton.TrackineUITests;
				PRODUCT_NAME = "$(TARGET_NAME)";
				SWIFT_VERSION = 5.0;
				TARGETED_DEVICE_FAMILY = "1,2";
				TEST_TARGET_NAME = Trackine;
			};
			name = Release;
		};
/* End XCBuildConfiguration section */

/* Begin XCConfigurationList section */
		108B3FF426302223006C3DC5 /* Build configuration list for PBXProject "Trackine" */ = {
			isa = XCConfigurationList;
			buildConfigurations = (
				108B402426302224006C3DC5 /* Debug */,
				108B402526302224006C3DC5 /* Release */,
			);
			defaultConfigurationIsVisible = 0;
			defaultConfigurationName = Release;
		};
		108B402626302224006C3DC5 /* Build configuration list for PBXNativeTarget "Trackine" */ = {
			isa = XCConfigurationList;
			buildConfigurations = (
				108B402726302224006C3DC5 /* Debug */,
				108B402826302224006C3DC5 /* Release */,
			);
			defaultConfigurationIsVisible = 0;
			defaultConfigurationName = Release;
		};
		108B402926302224006C3DC5 /* Build configuration list for PBXNativeTarget "TrackineTests" */ = {
			isa = XCConfigurationList;
			buildConfigurations = (
				108B402A26302224006C3DC5 /* Debug */,
				108B402B26302224006C3DC5 /* Release */,
			);
			defaultConfigurationIsVisible = 0;
			defaultConfigurationName = Release;
		};
		108B402C26302224006C3DC5 /* Build configuration list for PBXNativeTarget "TrackineUITests" */ = {
			isa = XCConfigurationList;
			buildConfigurations = (
				108B402D26302224006C3DC5 /* Debug */,
				108B402E26302224006C3DC5 /* Release */,
			);
			defaultConfigurationIsVisible = 0;
			defaultConfigurationName = Release;
		};
/* End XCConfigurationList section */

/* Begin XCVersionGroup section */
		108B400526302223006C3DC5 /* Trackine.xcdatamodeld */ = {
			isa = XCVersionGroup;
			children = (
				108B400626302223006C3DC5 /* Trackine.xcdatamodel */,
			);
			currentVersion = 108B400626302223006C3DC5 /* Trackine.xcdatamodel */;
			path = Trackine.xcdatamodeld;
			sourceTree = "<group>";
			versionGroupType = wrapper.xcdatamodel;
		};
/* End XCVersionGroup section */
	};
	rootObject = 108B3FF126302223006C3DC5 /* Project object */;
}
